
Microsoft Visual Studio Solution File, Format Version 11.00
# Visual Studio 2010
Project("{FAE04EC0-301F-11D3-BF4B-00C04F79EFBC}") = "Pomodoroz", "Pomodoroz\Pomodoroz.csproj", "{E3DD5E68-6578-4E9C-A516-EBD784794F76}"
EndProject
Project("{FAE04EC0-301F-11D3-BF4B-00C04F79EFBC}") = "Pomodoroz.Tests", "Pomodoroz.Tests\Pomodoroz.Tests.csproj", "{5F385764-BDA3-44B9-8C46-9AC537BC6D5B}"
EndProject
Global
	GlobalSection(SolutionConfigurationPlatforms) = preSolution
		Debug|Any CPU = Debug|Any CPU
		Release|Any CPU = Release|Any CPU
	EndGlobalSection
	GlobalSection(ProjectConfigurationPlatforms) = postSolution
		{E3DD5E68-6578-4E9C-A516-EBD784794F76}.Debug|Any CPU.ActiveCfg = Debug|Any CPU
		{E3DD5E68-6578-4E9C-A516-EBD784794F76}.Debug|Any CPU.Build.0 = Debug|Any CPU
		{E3DD5E68-6578-4E9C-A516-EBD784794F76}.Release|Any CPU.ActiveCfg = Release|Any CPU
		{E3DD5E68-6578-4E9C-A516-EBD784794F76}.Release|Any CPU.Build.0 = Release|Any CPU
		{5F385764-BDA3-44B9-8C46-9AC537BC6D5B}.Debug|Any CPU.ActiveCfg = Debug|Any CPU
		{5F385764-BDA3-44B9-8C46-9AC537BC6D5B}.Debug|Any CPU.Build.0 = Debug|Any CPU
		{5F385764-BDA3-44B9-8C46-9AC537BC6D5B}.Release|Any CPU.ActiveCfg = Release|Any CPU
		{5F385764-BDA3-44B9-8C46-9AC537BC6D5B}.Release|Any CPU.Build.0 = Release|Any CPU
	EndGlobalSection
	GlobalSection(SolutionProperties) = preSolution
		HideSolutionNode = FALSE
	EndGlobalSection
EndGlobal
