
Microsoft Visual Studio Solution File, Format Version 11.00
# Visual Studio 2010
Project("{FAE04EC0-301F-11D3-BF4B-00C04F79EFBC}") = "Pomodoroz", "src\Pomodoroz\Pomodoroz.csproj", "{E3DD5E68-6578-4E9C-A516-EBD784794F76}"
EndProject
Project("{FAE04EC0-301F-11D3-BF4B-00C04F79EFBC}") = "Pomodoroz.Unit", "test\Unit\Pomodoroz.Tests\Pomodoroz.Unit.csproj", "{5F385764-BDA3-44B9-8C46-9AC537BC6D5B}"
EndProject
Project("{2150E333-8FDC-42A3-9474-1A3956D46DE8}") = "Spec", "Spec", "{ACE66EBF-31B7-475C-8FE8-7C36B482096A}"
EndProject
Project("{2150E333-8FDC-42A3-9474-1A3956D46DE8}") = "Unit", "Unit", "{051FF722-C4DA-4355-9D3C-3424AC096FB9}"
EndProject
Project("{2150E333-8FDC-42A3-9474-1A3956D46DE8}") = "Acceptance", "Acceptance", "{80342766-E4D1-48D4-8B3F-7C0E2D016353}"
EndProject
Project("{FAE04EC0-301F-11D3-BF4B-00C04F79EFBC}") = "Pomodoroz.Acceptance", "test\Acceptance\Pomodoroz.Tests\Pomodoroz.Acceptance.csproj", "{3A0B1CC0-18C7-49FD-A33E-CEF631C18912}"
EndProject
Global
	GlobalSection(SolutionConfigurationPlatforms) = preSolution
		Debug|Any CPU = Debug|Any CPU
		Release|Any CPU = Release|Any CPU
	EndGlobalSection
	GlobalSection(ProjectConfigurationPlatforms) = postSolution
		{E3DD5E68-6578-4E9C-A516-EBD784794F76}.Debug|Any CPU.ActiveCfg = Debug|Any CPU
		{E3DD5E68-6578-4E9C-A516-EBD784794F76}.Debug|Any CPU.Build.0 = Debug|Any CPU
		{E3DD5E68-6578-4E9C-A516-EBD784794F76}.Release|Any CPU.ActiveCfg = Release|Any CPU
		{E3DD5E68-6578-4E9C-A516-EBD784794F76}.Release|Any CPU.Build.0 = Release|Any CPU
		{5F385764-BDA3-44B9-8C46-9AC537BC6D5B}.Debug|Any CPU.ActiveCfg = Debug|Any CPU
		{5F385764-BDA3-44B9-8C46-9AC537BC6D5B}.Debug|Any CPU.Build.0 = Debug|Any CPU
		{5F385764-BDA3-44B9-8C46-9AC537BC6D5B}.Release|Any CPU.ActiveCfg = Release|Any CPU
		{5F385764-BDA3-44B9-8C46-9AC537BC6D5B}.Release|Any CPU.Build.0 = Release|Any CPU
		{3A0B1CC0-18C7-49FD-A33E-CEF631C18912}.Debug|Any CPU.ActiveCfg = Debug|Any CPU
		{3A0B1CC0-18C7-49FD-A33E-CEF631C18912}.Debug|Any CPU.Build.0 = Debug|Any CPU
		{3A0B1CC0-18C7-49FD-A33E-CEF631C18912}.Release|Any CPU.ActiveCfg = Release|Any CPU
		{3A0B1CC0-18C7-49FD-A33E-CEF631C18912}.Release|Any CPU.Build.0 = Release|Any CPU
	EndGlobalSection
	GlobalSection(SolutionProperties) = preSolution
		HideSolutionNode = FALSE
	EndGlobalSection
	GlobalSection(NestedProjects) = preSolution
		{051FF722-C4DA-4355-9D3C-3424AC096FB9} = {ACE66EBF-31B7-475C-8FE8-7C36B482096A}
		{80342766-E4D1-48D4-8B3F-7C0E2D016353} = {ACE66EBF-31B7-475C-8FE8-7C36B482096A}
		{5F385764-BDA3-44B9-8C46-9AC537BC6D5B} = {051FF722-C4DA-4355-9D3C-3424AC096FB9}
		{3A0B1CC0-18C7-49FD-A33E-CEF631C18912} = {80342766-E4D1-48D4-8B3F-7C0E2D016353}
	EndGlobalSection
EndGlobal
